// !$*UTF8*$!
{
	archiveVersion = 1;
	classes = {
	};
	objectVersion = 46;
	objects = {

/* Begin PBXBuildFile section */
		27821EDC1AF7A34200129819 /* AppDelegate.swift in Sources */ = {isa = PBXBuildFile; fileRef = 27821EDB1AF7A34200129819 /* AppDelegate.swift */; };
		27821EE01AF7A34200129819 /* GameScene.swift in Sources */ = {isa = PBXBuildFile; fileRef = 27821EDF1AF7A34200129819 /* GameScene.swift */; };
		27821EE21AF7A34200129819 /* GameViewController.swift in Sources */ = {isa = PBXBuildFile; fileRef = 27821EE11AF7A34200129819 /* GameViewController.swift */; };
		27821EE51AF7A34200129819 /* Main.storyboard in Resources */ = {isa = PBXBuildFile; fileRef = 27821EE31AF7A34200129819 /* Main.storyboard */; };
		27821EE71AF7A34200129819 /* Images.xcassets in Resources */ = {isa = PBXBuildFile; fileRef = 27821EE61AF7A34200129819 /* Images.xcassets */; };
		27821EEA1AF7A34200129819 /* LaunchScreen.xib in Resources */ = {isa = PBXBuildFile; fileRef = 27821EE81AF7A34200129819 /* LaunchScreen.xib */; };
		27821EF61AF7A34200129819 /* SpriteKitSimpleGameTests.swift in Sources */ = {isa = PBXBuildFile; fileRef = 27821EF51AF7A34200129819 /* SpriteKitSimpleGameTests.swift */; };
		27821F001AF7A81C00129819 /* SpriteKitSimpleGameResources in Resources */ = {isa = PBXBuildFile; fileRef = 27821EFF1AF7A81C00129819 /* SpriteKitSimpleGameResources */; };
		27821F021AF7A8C500129819 /* Sounds in Resources */ = {isa = PBXBuildFile; fileRef = 27821F011AF7A8C500129819 /* Sounds */; };
		27821F041AF7A8CB00129819 /* sprites.atlas in Resources */ = {isa = PBXBuildFile; fileRef = 27821F031AF7A8CB00129819 /* sprites.atlas */; };
		27821F061AF7B10700129819 /* GameOverScene.swift in Sources */ = {isa = PBXBuildFile; fileRef = 27821F051AF7B10700129819 /* GameOverScene.swift */; };
		27821F081AF7B22B00129819 /* pew-pew-lei.caf in Resources */ = {isa = PBXBuildFile; fileRef = 27821F071AF7B22B00129819 /* pew-pew-lei.caf */; };
		27A0D0B11AFB893E00EF9722 /* background-music-aac.caf in Resources */ = {isa = PBXBuildFile; fileRef = 27A0D0B01AFB893E00EF9722 /* background-music-aac.caf */; };
/* End PBXBuildFile section */

/* Begin PBXContainerItemProxy section */
		27821EF01AF7A34200129819 /* PBXContainerItemProxy */ = {
			isa = PBXContainerItemProxy;
			containerPortal = 27821ECE1AF7A34200129819 /* Project object */;
			proxyType = 1;
			remoteGlobalIDString = 27821ED51AF7A34200129819;
			remoteInfo = SpriteKitSimpleGame;
		};
/* End PBXContainerItemProxy section */

/* Begin PBXFileReference section */
		27821ED61AF7A34200129819 /* SpriteKitSimpleGame.app */ = {isa = PBXFileReference; explicitFileType = wrapper.application; includeInIndex = 0; path = SpriteKitSimpleGame.app; sourceTree = BUILT_PRODUCTS_DIR; };
		27821EDA1AF7A34200129819 /* Info.plist */ = {isa = PBXFileReference; lastKnownFileType = text.plist.xml; path = Info.plist; sourceTree = "<group>"; };
		27821EDB1AF7A34200129819 /* AppDelegate.swift */ = {isa = PBXFileReference; lastKnownFileType = sourcecode.swift; path = AppDelegate.swift; sourceTree = "<group>"; };
		27821EDF1AF7A34200129819 /* GameScene.swift */ = {isa = PBXFileReference; lastKnownFileType = sourcecode.swift; path = GameScene.swift; sourceTree = "<group>"; };
		27821EE11AF7A34200129819 /* GameViewController.swift */ = {isa = PBXFileReference; lastKnownFileType = sourcecode.swift; path = GameViewController.swift; sourceTree = "<group>"; };
		27821EE41AF7A34200129819 /* Base */ = {isa = PBXFileReference; lastKnownFileType = file.storyboard; name = Base; path = Base.lproj/Main.storyboard; sourceTree = "<group>"; };
		27821EE61AF7A34200129819 /* Images.xcassets */ = {isa = PBXFileReference; lastKnownFileType = folder.assetcatalog; path = Images.xcassets; sourceTree = "<group>"; };
		27821EE91AF7A34200129819 /* Base */ = {isa = PBXFileReference; lastKnownFileType = file.xib; name = Base; path = Base.lproj/LaunchScreen.xib; sourceTree = "<group>"; };
		27821EEF1AF7A34200129819 /* SpriteKitSimpleGameTests.xctest */ = {isa = PBXFileReference; explicitFileType = wrapper.cfbundle; includeInIndex = 0; path = SpriteKitSimpleGameTests.xctest; sourceTree = BUILT_PRODUCTS_DIR; };
		27821EF41AF7A34200129819 /* Info.plist */ = {isa = PBXFileReference; lastKnownFileType = text.plist.xml; path = Info.plist; sourceTree = "<group>"; };
		27821EF51AF7A34200129819 /* SpriteKitSimpleGameTests.swift */ = {isa = PBXFileReference; lastKnownFileType = sourcecode.swift; path = SpriteKitSimpleGameTests.swift; sourceTree = "<group>"; };
		27821EFF1AF7A81C00129819 /* SpriteKitSimpleGameResources */ = {isa = PBXFileReference; lastKnownFileType = folder; path = SpriteKitSimpleGameResources; sourceTree = "<group>"; };
		27821F011AF7A8C500129819 /* Sounds */ = {isa = PBXFileReference; lastKnownFileType = folder; path = Sounds; sourceTree = "<group>"; };
		27821F031AF7A8CB00129819 /* sprites.atlas */ = {isa = PBXFileReference; lastKnownFileType = folder.skatlas; path = sprites.atlas; sourceTree = "<group>"; };
		27821F051AF7B10700129819 /* GameOverScene.swift */ = {isa = PBXFileReference; fileEncoding = 4; lastKnownFileType = sourcecode.swift; path = GameOverScene.swift; sourceTree = "<group>"; };
		27821F071AF7B22B00129819 /* pew-pew-lei.caf */ = {isa = PBXFileReference; lastKnownFileType = file; name = "pew-pew-lei.caf"; path = "Sounds/pew-pew-lei.caf"; sourceTree = "<group>"; };
		27A0D0B01AFB893E00EF9722 /* background-music-aac.caf */ = {isa = PBXFileReference; lastKnownFileType = file; name = "background-music-aac.caf"; path = "sprites.atlas/background-music-aac.caf"; sourceTree = "<group>"; };
/* End PBXFileReference section */

/* Begin PBXFrameworksBuildPhase section */
		27821ED31AF7A34200129819 /* Frameworks */ = {
			isa = PBXFrameworksBuildPhase;
			buildActionMask = 2147483647;
			files = (
			);
			runOnlyForDeploymentPostprocessing = 0;
		};
		27821EEC1AF7A34200129819 /* Frameworks */ = {
			isa = PBXFrameworksBuildPhase;
			buildActionMask = 2147483647;
			files = (
			);
			runOnlyForDeploymentPostprocessing = 0;
		};
/* End PBXFrameworksBuildPhase section */

/* Begin PBXGroup section */
		27821ECD1AF7A34200129819 = {
			isa = PBXGroup;
			children = (
				27821ED81AF7A34200129819 /* SpriteKitSimpleGame */,
				27821EF21AF7A34200129819 /* SpriteKitSimpleGameTests */,
				27821ED71AF7A34200129819 /* Products */,
				27821EFF1AF7A81C00129819 /* SpriteKitSimpleGameResources */,
			);
			sourceTree = "<group>";
		};
		27821ED71AF7A34200129819 /* Products */ = {
			isa = PBXGroup;
			children = (
				27821ED61AF7A34200129819 /* SpriteKitSimpleGame.app */,
				27821EEF1AF7A34200129819 /* SpriteKitSimpleGameTests.xctest */,
			);
			name = Products;
			sourceTree = "<group>";
		};
		27821ED81AF7A34200129819 /* SpriteKitSimpleGame */ = {
			isa = PBXGroup;
			children = (
				27821EDB1AF7A34200129819 /* AppDelegate.swift */,
				27821EDF1AF7A34200129819 /* GameScene.swift */,
				27821EE11AF7A34200129819 /* GameViewController.swift */,
				27821F051AF7B10700129819 /* GameOverScene.swift */,
				27821EE31AF7A34200129819 /* Main.storyboard */,
				27821EE61AF7A34200129819 /* Images.xcassets */,
				27821EE81AF7A34200129819 /* LaunchScreen.xib */,
				27821F071AF7B22B00129819 /* pew-pew-lei.caf */,
				27A0D0B01AFB893E00EF9722 /* background-music-aac.caf */,
				27821F031AF7A8CB00129819 /* sprites.atlas */,
				27821F011AF7A8C500129819 /* Sounds */,
				27821ED91AF7A34200129819 /* Supporting Files */,
			);
			path = SpriteKitSimpleGame;
			sourceTree = "<group>";
		};
		27821ED91AF7A34200129819 /* Supporting Files */ = {
			isa = PBXGroup;
			children = (
				27821EDA1AF7A34200129819 /* Info.plist */,
			);
			name = "Supporting Files";
			sourceTree = "<group>";
		};
		27821EF21AF7A34200129819 /* SpriteKitSimpleGameTests */ = {
			isa = PBXGroup;
			children = (
				27821EF51AF7A34200129819 /* SpriteKitSimpleGameTests.swift */,
				27821EF31AF7A34200129819 /* Supporting Files */,
			);
			path = SpriteKitSimpleGameTests;
			sourceTree = "<group>";
		};
		27821EF31AF7A34200129819 /* Supporting Files */ = {
			isa = PBXGroup;
			children = (
				27821EF41AF7A34200129819 /* Info.plist */,
			);
			name = "Supporting Files";
			sourceTree = "<group>";
		};
/* End PBXGroup section */

/* Begin PBXNativeTarget section */
		27821ED51AF7A34200129819 /* SpriteKitSimpleGame */ = {
			isa = PBXNativeTarget;
			buildConfigurationList = 27821EF91AF7A34200129819 /* Build configuration list for PBXNativeTarget "SpriteKitSimpleGame" */;
			buildPhases = (
				27821ED21AF7A34200129819 /* Sources */,
				27821ED31AF7A34200129819 /* Frameworks */,
				27821ED41AF7A34200129819 /* Resources */,
			);
			buildRules = (
			);
			dependencies = (
			);
			name = SpriteKitSimpleGame;
			productName = SpriteKitSimpleGame;
			productReference = 27821ED61AF7A34200129819 /* SpriteKitSimpleGame.app */;
			productType = "com.apple.product-type.application";
		};
		27821EEE1AF7A34200129819 /* SpriteKitSimpleGameTests */ = {
			isa = PBXNativeTarget;
			buildConfigurationList = 27821EFC1AF7A34200129819 /* Build configuration list for PBXNativeTarget "SpriteKitSimpleGameTests" */;
			buildPhases = (
				27821EEB1AF7A34200129819 /* Sources */,
				27821EEC1AF7A34200129819 /* Frameworks */,
				27821EED1AF7A34200129819 /* Resources */,
			);
			buildRules = (
			);
			dependencies = (
				27821EF11AF7A34200129819 /* PBXTargetDependency */,
			);
			name = SpriteKitSimpleGameTests;
			productName = SpriteKitSimpleGameTests;
			productReference = 27821EEF1AF7A34200129819 /* SpriteKitSimpleGameTests.xctest */;
			productType = "com.apple.product-type.bundle.unit-test";
		};
/* End PBXNativeTarget section */

/* Begin PBXProject section */
		27821ECE1AF7A34200129819 /* Project object */ = {
			isa = PBXProject;
			attributes = {
				LastUpgradeCheck = 0630;
				ORGANIZATIONNAME = "Rafael Cavalcante Ferreira Santos Matos";
				TargetAttributes = {
					27821ED51AF7A34200129819 = {
						CreatedOnToolsVersion = 6.3.1;
					};
					27821EEE1AF7A34200129819 = {
						CreatedOnToolsVersion = 6.3.1;
						TestTargetID = 27821ED51AF7A34200129819;
					};
				};
			};
			buildConfigurationList = 27821ED11AF7A34200129819 /* Build configuration list for PBXProject "SpriteKitSimpleGame" */;
			compatibilityVersion = "Xcode 3.2";
			developmentRegion = English;
			hasScannedForEncodings = 0;
			knownRegions = (
				en,
				Base,
			);
			mainGroup = 27821ECD1AF7A34200129819;
			productRefGroup = 27821ED71AF7A34200129819 /* Products */;
			projectDirPath = "";
			projectRoot = "";
			targets = (
				27821ED51AF7A34200129819 /* SpriteKitSimpleGame */,
				27821EEE1AF7A34200129819 /* SpriteKitSimpleGameTests */,
			);
		};
/* End PBXProject section */

/* Begin PBXResourcesBuildPhase section */
		27821ED41AF7A34200129819 /* Resources */ = {
			isa = PBXResourcesBuildPhase;
			buildActionMask = 2147483647;
			files = (
				27A0D0B11AFB893E00EF9722 /* background-music-aac.caf in Resources */,
				27821F081AF7B22B00129819 /* pew-pew-lei.caf in Resources */,
				27821F021AF7A8C500129819 /* Sounds in Resources */,
				27821EEA1AF7A34200129819 /* LaunchScreen.xib in Resources */,
				27821EE71AF7A34200129819 /* Images.xcassets in Resources */,
				27821F001AF7A81C00129819 /* SpriteKitSimpleGameResources in Resources */,
				27821F041AF7A8CB00129819 /* sprites.atlas in Resources */,
				27821EE51AF7A34200129819 /* Main.storyboard in Resources */,
			);
			runOnlyForDeploymentPostprocessing = 0;
		};
		27821EED1AF7A34200129819 /* Resources */ = {
			isa = PBXResourcesBuildPhase;
			buildActionMask = 2147483647;
			files = (
			);
			runOnlyForDeploymentPostprocessing = 0;
		};
/* End PBXResourcesBuildPhase section */

/* Begin PBXSourcesBuildPhase section */
		27821ED21AF7A34200129819 /* Sources */ = {
			isa = PBXSourcesBuildPhase;
			buildActionMask = 2147483647;
			files = (
				27821EE01AF7A34200129819 /* GameScene.swift in Sources */,
				27821EE21AF7A34200129819 /* GameViewController.swift in Sources */,
				27821F061AF7B10700129819 /* GameOverScene.swift in Sources */,
				27821EDC1AF7A34200129819 /* AppDelegate.swift in Sources */,
			);
			runOnlyForDeploymentPostprocessing = 0;
		};
		27821EEB1AF7A34200129819 /* Sources */ = {
			isa = PBXSourcesBuildPhase;
			buildActionMask = 2147483647;
			files = (
				27821EF61AF7A34200129819 /* SpriteKitSimpleGameTests.swift in Sources */,
			);
			runOnlyForDeploymentPostprocessing = 0;
		};
/* End PBXSourcesBuildPhase section */

/* Begin PBXTargetDependency section */
		27821EF11AF7A34200129819 /* PBXTargetDependency */ = {
			isa = PBXTargetDependency;
			target = 27821ED51AF7A34200129819 /* SpriteKitSimpleGame */;
			targetProxy = 27821EF01AF7A34200129819 /* PBXContainerItemProxy */;
		};
/* End PBXTargetDependency section */

/* Begin PBXVariantGroup section */
		27821EE31AF7A34200129819 /* Main.storyboard */ = {
			isa = PBXVariantGroup;
			children = (
				27821EE41AF7A34200129819 /* Base */,
			);
			name = Main.storyboard;
			sourceTree = "<group>";
		};
		27821EE81AF7A34200129819 /* LaunchScreen.xib */ = {
			isa = PBXVariantGroup;
			children = (
				27821EE91AF7A34200129819 /* Base */,
			);
			name = LaunchScreen.xib;
			sourceTree = "<group>";
		};
/* End PBXVariantGroup section */

/* Begin XCBuildConfiguration section */
		27821EF71AF7A34200129819 /* Debug */ = {
			isa = XCBuildConfiguration;
			buildSettings = {
				ALWAYS_SEARCH_USER_PATHS = NO;
				CLANG_CXX_LANGUAGE_STANDARD = "gnu++0x";
				CLANG_CXX_LIBRARY = "libc++";
				CLANG_ENABLE_MODULES = YES;
				CLANG_ENABLE_OBJC_ARC = YES;
				CLANG_WARN_BOOL_CONVERSION = YES;
				CLANG_WARN_CONSTANT_CONVERSION = YES;
				CLANG_WARN_DIRECT_OBJC_ISA_USAGE = YES_ERROR;
				CLANG_WARN_EMPTY_BODY = YES;
				CLANG_WARN_ENUM_CONVERSION = YES;
				CLANG_WARN_INT_CONVERSION = YES;
				CLANG_WARN_OBJC_ROOT_CLASS = YES_ERROR;
				CLANG_WARN_UNREACHABLE_CODE = YES;
				CLANG_WARN__DUPLICATE_METHOD_MATCH = YES;
				"CODE_SIGN_IDENTITY[sdk=iphoneos*]" = "iPhone Developer";
				COPY_PHASE_STRIP = NO;
				DEBUG_INFORMATION_FORMAT = "dwarf-with-dsym";
				ENABLE_STRICT_OBJC_MSGSEND = YES;
				GCC_C_LANGUAGE_STANDARD = gnu99;
				GCC_DYNAMIC_NO_PIC = NO;
				GCC_NO_COMMON_BLOCKS = YES;
				GCC_OPTIMIZATION_LEVEL = 0;
				GCC_PREPROCESSOR_DEFINITIONS = (
					"DEBUG=1",
					"$(inherited)",
				);
				GCC_SYMBOLS_PRIVATE_EXTERN = NO;
				GCC_WARN_64_TO_32_BIT_CONVERSION = YES;
				GCC_WARN_ABOUT_RETURN_TYPE = YES_ERROR;
				GCC_WARN_UNDECLARED_SELECTOR = YES;
				GCC_WARN_UNINITIALIZED_AUTOS = YES_AGGRESSIVE;
				GCC_WARN_UNUSED_FUNCTION = YES;
				GCC_WARN_UNUSED_VARIABLE = YES;
				IPHONEOS_DEPLOYMENT_TARGET = 8.3;
				MTL_ENABLE_DEBUG_INFO = YES;
				ONLY_ACTIVE_ARCH = YES;
				SDKROOT = iphoneos;
				SWIFT_OPTIMIZATION_LEVEL = "-Onone";
			};
			name = Debug;
		};
		27821EF81AF7A34200129819 /* Release */ = {
			isa = XCBuildConfiguration;
			buildSettings = {
				ALWAYS_SEARCH_USER_PATHS = NO;
				CLANG_CXX_LANGUAGE_STANDARD = "gnu++0x";
				CLANG_CXX_LIBRARY = "libc++";
				CLANG_ENABLE_MODULES = YES;
				CLANG_ENABLE_OBJC_ARC = YES;
				CLANG_WARN_BOOL_CONVERSION = YES;
				CLANG_WARN_CONSTANT_CONVERSION = YES;
				CLANG_WARN_DIRECT_OBJC_ISA_USAGE = YES_ERROR;
				CLANG_WARN_EMPTY_BODY = YES;
				CLANG_WARN_ENUM_CONVERSION = YES;
				CLANG_WARN_INT_CONVERSION = YES;
				CLANG_WARN_OBJC_ROOT_CLASS = YES_ERROR;
				CLANG_WARN_UNREACHABLE_CODE = YES;
				CLANG_WARN__DUPLICATE_METHOD_MATCH = YES;
				"CODE_SIGN_IDENTITY[sdk=iphoneos*]" = "iPhone Developer";
				COPY_PHASE_STRIP = NO;
				DEBUG_INFORMATION_FORMAT = "dwarf-with-dsym";
				ENABLE_NS_ASSERTIONS = NO;
				ENABLE_STRICT_OBJC_MSGSEND = YES;
				GCC_C_LANGUAGE_STANDARD = gnu99;
				GCC_NO_COMMON_BLOCKS = YES;
				GCC_WARN_64_TO_32_BIT_CONVERSION = YES;
				GCC_WARN_ABOUT_RETURN_TYPE = YES_ERROR;
				GCC_WARN_UNDECLARED_SELECTOR = YES;
				GCC_WARN_UNINITIALIZED_AUTOS = YES_AGGRESSIVE;
				GCC_WARN_UNUSED_FUNCTION = YES;
				GCC_WARN_UNUSED_VARIABLE = YES;
				IPHONEOS_DEPLOYMENT_TARGET = 8.3;
				MTL_ENABLE_DEBUG_INFO = NO;
				SDKROOT = iphoneos;
				VALIDATE_PRODUCT = YES;
			};
			name = Release;
		};
		27821EFA1AF7A34200129819 /* Debug */ = {
			isa = XCBuildConfiguration;
			buildSettings = {
				ASSETCATALOG_COMPILER_APPICON_NAME = AppIcon;
				INFOPLIST_FILE = SpriteKitSimpleGame/Info.plist;
				LD_RUNPATH_SEARCH_PATHS = "$(inherited) @executable_path/Frameworks";
				PRODUCT_NAME = "$(TARGET_NAME)";
			};
			name = Debug;
		};
		27821EFB1AF7A34200129819 /* Release */ = {
			isa = XCBuildConfiguration;
			buildSettings = {
				ASSETCATALOG_COMPILER_APPICON_NAME = AppIcon;
				INFOPLIST_FILE = SpriteKitSimpleGame/Info.plist;
				LD_RUNPATH_SEARCH_PATHS = "$(inherited) @executable_path/Frameworks";
				PRODUCT_NAME = "$(TARGET_NAME)";
			};
			name = Release;
		};
		27821EFD1AF7A34200129819 /* Debug */ = {
			isa = XCBuildConfiguration;
			buildSettings = {
				BUNDLE_LOADER = "$(TEST_HOST)";
				FRAMEWORK_SEARCH_PATHS = (
					"$(SDKROOT)/Developer/Library/Frameworks",
					"$(inherited)",
				);
				GCC_PREPROCESSOR_DEFINITIONS = (
					"DEBUG=1",
					"$(inherited)",
				);
				INFOPLIST_FILE = SpriteKitSimpleGameTests/Info.plist;
				LD_RUNPATH_SEARCH_PATHS = "$(inherited) @executable_path/Frameworks @loader_path/Frameworks";
				PRODUCT_NAME = "$(TARGET_NAME)";
				TEST_HOST = "$(BUILT_PRODUCTS_DIR)/SpriteKitSimpleGame.app/SpriteKitSimpleGame";
			};
			name = Debug;
		};
		27821EFE1AF7A34200129819 /* Release */ = {
			isa = XCBuildConfiguration;
			buildSettings = {
				BUNDLE_LOADER = "$(TEST_HOST)";
				FRAMEWORK_SEARCH_PATHS = (
					"$(SDKROOT)/Developer/Library/Frameworks",
					"$(inherited)",
				);
				INFOPLIST_FILE = SpriteKitSimpleGameTests/Info.plist;
				LD_RUNPATH_SEARCH_PATHS = "$(inherited) @executable_path/Frameworks @loader_path/Frameworks";
				PRODUCT_NAME = "$(TARGET_NAME)";
				TEST_HOST = "$(BUILT_PRODUCTS_DIR)/SpriteKitSimpleGame.app/SpriteKitSimpleGame";
			};
			name = Release;
		};
/* End XCBuildConfiguration section */

/* Begin XCConfigurationList section */
		27821ED11AF7A34200129819 /* Build configuration list for PBXProject "SpriteKitSimpleGame" */ = {
			isa = XCConfigurationList;
			buildConfigurations = (
				27821EF71AF7A34200129819 /* Debug */,
				27821EF81AF7A34200129819 /* Release */,
			);
			defaultConfigurationIsVisible = 0;
			defaultConfigurationName = Release;
		};
		27821EF91AF7A34200129819 /* Build configuration list for PBXNativeTarget "SpriteKitSimpleGame" */ = {
			isa = XCConfigurationList;
			buildConfigurations = (
				27821EFA1AF7A34200129819 /* Debug */,
				27821EFB1AF7A34200129819 /* Release */,
			);
			defaultConfigurationIsVisible = 0;
			defaultConfigurationName = Release;
		};
		27821EFC1AF7A34200129819 /* Build configuration list for PBXNativeTarget "SpriteKitSimpleGameTests" */ = {
			isa = XCConfigurationList;
			buildConfigurations = (
				27821EFD1AF7A34200129819 /* Debug */,
				27821EFE1AF7A34200129819 /* Release */,
			);
			defaultConfigurationIsVisible = 0;
			defaultConfigurationName = Release;
		};
/* End XCConfigurationList section */
	};
	rootObject = 27821ECE1AF7A34200129819 /* Project object */;
}
